// !$*UTF8*$!
{
	archiveVersion = 1;
	classes = {
	};
	objectVersion = 46;
	objects = {

/* Begin PBXBuildFile section */
		211D9A6C18B22EC800D97C95 /* LRLResponseSerializer.m in Sources */ = {isa = PBXBuildFile; fileRef = 211D9A6B18B22EC800D97C95 /* LRLResponseSerializer.m */; };
		211D9A6F18B2C11700D97C95 /* LRLBaseModel.m in Sources */ = {isa = PBXBuildFile; fileRef = 211D9A6E18B2C11700D97C95 /* LRLBaseModel.m */; };
		21421600189A59BD0036767C /* Foundation.framework in Frameworks */ = {isa = PBXBuildFile; fileRef = 214215FF189A59BD0036767C /* Foundation.framework */; };
		21421602189A59BD0036767C /* CoreGraphics.framework in Frameworks */ = {isa = PBXBuildFile; fileRef = 21421601189A59BD0036767C /* CoreGraphics.framework */; };
		21421604189A59BD0036767C /* UIKit.framework in Frameworks */ = {isa = PBXBuildFile; fileRef = 21421603189A59BD0036767C /* UIKit.framework */; };
		2142160A189A59BD0036767C /* InfoPlist.strings in Resources */ = {isa = PBXBuildFile; fileRef = 21421608189A59BD0036767C /* InfoPlist.strings */; };
		2142160C189A59BD0036767C /* main.m in Sources */ = {isa = PBXBuildFile; fileRef = 2142160B189A59BD0036767C /* main.m */; };
		2142161B189A59BD0036767C /* Images.xcassets in Resources */ = {isa = PBXBuildFile; fileRef = 2142161A189A59BD0036767C /* Images.xcassets */; };
		21421622189A59BD0036767C /* XCTest.framework in Frameworks */ = {isa = PBXBuildFile; fileRef = 21421621189A59BD0036767C /* XCTest.framework */; };
		21421623189A59BD0036767C /* Foundation.framework in Frameworks */ = {isa = PBXBuildFile; fileRef = 214215FF189A59BD0036767C /* Foundation.framework */; };
		21421624189A59BD0036767C /* UIKit.framework in Frameworks */ = {isa = PBXBuildFile; fileRef = 21421603189A59BD0036767C /* UIKit.framework */; };
		2142162C189A59BD0036767C /* InfoPlist.strings in Resources */ = {isa = PBXBuildFile; fileRef = 2142162A189A59BD0036767C /* InfoPlist.strings */; };
		2142162E189A59BD0036767C /* LRLDataServiceTests.m in Sources */ = {isa = PBXBuildFile; fileRef = 2142162D189A59BD0036767C /* LRLDataServiceTests.m */; };
		21421640189AFD2E0036767C /* LRLAppDelegate.m in Sources */ = {isa = PBXBuildFile; fileRef = 2142163A189AFD2E0036767C /* LRLAppDelegate.m */; };
		21421641189AFD2E0036767C /* LRLMovieListViewController.m in Sources */ = {isa = PBXBuildFile; fileRef = 2142163F189AFD2E0036767C /* LRLMovieListViewController.m */; };
		2198C4C618B37039001EC26D /* LRLRottenTomatoesService.m in Sources */ = {isa = PBXBuildFile; fileRef = 2198C4C518B37039001EC26D /* LRLRottenTomatoesService.m */; };
		21ABD34718A8D295002C15DA /* LRLKeyValueInterchange.m in Sources */ = {isa = PBXBuildFile; fileRef = 21ABD34618A8D295002C15DA /* LRLKeyValueInterchange.m */; };
		21ABD34A18A8D719002C15DA /* LRLURLHelpers.m in Sources */ = {isa = PBXBuildFile; fileRef = 21ABD34918A8D719002C15DA /* LRLURLHelpers.m */; };
		21ABD34E18A8DBD5002C15DA /* config.json in Resources */ = {isa = PBXBuildFile; fileRef = 21ABD34D18A8DBD5002C15DA /* config.json */; };
		21ABD35218A8DC4C002C15DA /* LRLConfiguration.m in Sources */ = {isa = PBXBuildFile; fileRef = 21ABD35118A8DC4C002C15DA /* LRLConfiguration.m */; };
		21BC38A018AA49F600EA9215 /* LRLDataFetcher.m in Sources */ = {isa = PBXBuildFile; fileRef = 21BC388D18AA49F600EA9215 /* LRLDataFetcher.m */; };
		21BC38A118AA49F600EA9215 /* LRLDataService.m in Sources */ = {isa = PBXBuildFile; fileRef = 21BC389018AA49F600EA9215 /* LRLDataService.m */; };
		21BC38A218AA49F600EA9215 /* LRLFileStorageDataProvider.m in Sources */ = {isa = PBXBuildFile; fileRef = 21BC389218AA49F600EA9215 /* LRLFileStorageDataProvider.m */; };
		21BC38A318AA49F600EA9215 /* LRLHTTPDataProvider.m in Sources */ = {isa = PBXBuildFile; fileRef = 21BC389418AA49F600EA9215 /* LRLHTTPDataProvider.m */; };
		21BC38A418AA49F600EA9215 /* LRLMessageBusDataProvider.m in Sources */ = {isa = PBXBuildFile; fileRef = 21BC389618AA49F600EA9215 /* LRLMessageBusDataProvider.m */; };
		21BC38A518AA49F600EA9215 /* LRLConfigurationService.m in Sources */ = {isa = PBXBuildFile; fileRef = 21BC389918AA49F600EA9215 /* LRLConfigurationService.m */; };
		21BC38A618AA49F600EA9215 /* LRLConfiguredDataService.m in Sources */ = {isa = PBXBuildFile; fileRef = 21BC389B18AA49F600EA9215 /* LRLConfiguredDataService.m */; };
		21BC38A718AA49F600EA9215 /* LRLIMDBService.m in Sources */ = {isa = PBXBuildFile; fileRef = 21BC389D18AA49F600EA9215 /* LRLIMDBService.m */; };
		21BC38AB18AA4A1500EA9215 /* LRLMovieService.m in Sources */ = {isa = PBXBuildFile; fileRef = 21BC38AA18AA4A1500EA9215 /* LRLMovieService.m */; };
		21BC38AE18AA4B7000EA9215 /* LRLMovie.m in Sources */ = {isa = PBXBuildFile; fileRef = 21BC38AD18AA4B7000EA9215 /* LRLMovie.m */; };
		21D85B9818AF279900A3279D /* RACSignal+LRLOperatons.m in Sources */ = {isa = PBXBuildFile; fileRef = 21D85B9718AF279900A3279D /* RACSignal+LRLOperatons.m */; };
		21D85BA018AF2F4B00A3279D /* LRLComposedTableViewDataSource.m in Sources */ = {isa = PBXBuildFile; fileRef = 21D85B9F18AF2F4B00A3279D /* LRLComposedTableViewDataSource.m */; };
		21D85BA418AF746D00A3279D /* LRLMovieViewController.m in Sources */ = {isa = PBXBuildFile; fileRef = 21D85BA218AF746D00A3279D /* LRLMovieViewController.m */; };
		21D85BA518AF746D00A3279D /* LRLMovieViewController.xib in Resources */ = {isa = PBXBuildFile; fileRef = 21D85BA318AF746D00A3279D /* LRLMovieViewController.xib */; };
		21D85BA818B02D0E00A3279D /* LRLTrailerAddictService.m in Sources */ = {isa = PBXBuildFile; fileRef = 21D85BA718B02D0E00A3279D /* LRLTrailerAddictService.m */; };
		21D85BAB18B05D3300A3279D /* LRLTrailer.m in Sources */ = {isa = PBXBuildFile; fileRef = 21D85BAA18B05D3300A3279D /* LRLTrailer.m */; };
		5ECAFF3E98D9465CBE3F080C /* libPods-LRLDataServiceTests.a in Frameworks */ = {isa = PBXBuildFile; fileRef = 8F24580EDB3049B99BEA88D9 /* libPods-LRLDataServiceTests.a */; };
		82E9BB5A631C4F32B7CF34AA /* libPods.a in Frameworks */ = {isa = PBXBuildFile; fileRef = 6609C506EFC34A2585FFB221 /* libPods.a */; };
/* End PBXBuildFile section */

/* Begin PBXContainerItemProxy section */
		21421625189A59BD0036767C /* PBXContainerItemProxy */ = {
			isa = PBXContainerItemProxy;
			containerPortal = 214215F4189A59BD0036767C /* Project object */;
			proxyType = 1;
			remoteGlobalIDString = 214215FB189A59BD0036767C;
			remoteInfo = LRLDataService;
		};
/* End PBXContainerItemProxy section */

/* Begin PBXFileReference section */
		16AC8CE9FAF24D87BD093567 /* Pods.xcconfig */ = {isa = PBXFileReference; includeInIndex = 1; lastKnownFileType = text.xcconfig; name = Pods.xcconfig; path = Pods/Pods.xcconfig; sourceTree = "<group>"; };
		211D9A6A18B22EC800D97C95 /* LRLResponseSerializer.h */ = {isa = PBXFileReference; fileEncoding = 4; lastKnownFileType = sourcecode.c.h; path = LRLResponseSerializer.h; sourceTree = "<group>"; };
		211D9A6B18B22EC800D97C95 /* LRLResponseSerializer.m */ = {isa = PBXFileReference; fileEncoding = 4; lastKnownFileType = sourcecode.c.objc; path = LRLResponseSerializer.m; sourceTree = "<group>"; };
		211D9A6D18B2C11700D97C95 /* LRLBaseModel.h */ = {isa = PBXFileReference; fileEncoding = 4; lastKnownFileType = sourcecode.c.h; path = LRLBaseModel.h; sourceTree = "<group>"; };
		211D9A6E18B2C11700D97C95 /* LRLBaseModel.m */ = {isa = PBXFileReference; fileEncoding = 4; lastKnownFileType = sourcecode.c.objc; path = LRLBaseModel.m; sourceTree = "<group>"; };
		214215FC189A59BD0036767C /* LRLDataService.app */ = {isa = PBXFileReference; explicitFileType = wrapper.application; includeInIndex = 0; path = LRLDataService.app; sourceTree = BUILT_PRODUCTS_DIR; };
		214215FF189A59BD0036767C /* Foundation.framework */ = {isa = PBXFileReference; lastKnownFileType = wrapper.framework; name = Foundation.framework; path = System/Library/Frameworks/Foundation.framework; sourceTree = SDKROOT; };
		21421601189A59BD0036767C /* CoreGraphics.framework */ = {isa = PBXFileReference; lastKnownFileType = wrapper.framework; name = CoreGraphics.framework; path = System/Library/Frameworks/CoreGraphics.framework; sourceTree = SDKROOT; };
		21421603189A59BD0036767C /* UIKit.framework */ = {isa = PBXFileReference; lastKnownFileType = wrapper.framework; name = UIKit.framework; path = System/Library/Frameworks/UIKit.framework; sourceTree = SDKROOT; };
		21421607189A59BD0036767C /* LRLDataService-Info.plist */ = {isa = PBXFileReference; lastKnownFileType = text.plist.xml; path = "LRLDataService-Info.plist"; sourceTree = "<group>"; };
		21421609189A59BD0036767C /* en */ = {isa = PBXFileReference; lastKnownFileType = text.plist.strings; name = en; path = en.lproj/InfoPlist.strings; sourceTree = "<group>"; };
		2142160B189A59BD0036767C /* main.m */ = {isa = PBXFileReference; lastKnownFileType = sourcecode.c.objc; path = main.m; sourceTree = "<group>"; };
		2142160D189A59BD0036767C /* LRLDataService-Prefix.pch */ = {isa = PBXFileReference; lastKnownFileType = sourcecode.c.h; path = "LRLDataService-Prefix.pch"; sourceTree = "<group>"; };
		2142161A189A59BD0036767C /* Images.xcassets */ = {isa = PBXFileReference; lastKnownFileType = folder.assetcatalog; path = Images.xcassets; sourceTree = "<group>"; };
		21421620189A59BD0036767C /* LRLDataServiceTests.xctest */ = {isa = PBXFileReference; explicitFileType = wrapper.cfbundle; includeInIndex = 0; path = LRLDataServiceTests.xctest; sourceTree = BUILT_PRODUCTS_DIR; };
		21421621189A59BD0036767C /* XCTest.framework */ = {isa = PBXFileReference; lastKnownFileType = wrapper.framework; name = XCTest.framework; path = Library/Frameworks/XCTest.framework; sourceTree = DEVELOPER_DIR; };
		21421629189A59BD0036767C /* LRLDataServiceTests-Info.plist */ = {isa = PBXFileReference; lastKnownFileType = text.plist.xml; path = "LRLDataServiceTests-Info.plist"; sourceTree = "<group>"; };
		2142162B189A59BD0036767C /* en */ = {isa = PBXFileReference; lastKnownFileType = text.plist.strings; name = en; path = en.lproj/InfoPlist.strings; sourceTree = "<group>"; };
		2142162D189A59BD0036767C /* LRLDataServiceTests.m */ = {isa = PBXFileReference; lastKnownFileType = sourcecode.c.objc; path = LRLDataServiceTests.m; sourceTree = "<group>"; };
		21421639189AFD2E0036767C /* LRLAppDelegate.h */ = {isa = PBXFileReference; fileEncoding = 4; lastKnownFileType = sourcecode.c.h; path = LRLAppDelegate.h; sourceTree = "<group>"; };
		2142163A189AFD2E0036767C /* LRLAppDelegate.m */ = {isa = PBXFileReference; fileEncoding = 4; lastKnownFileType = sourcecode.c.objc; path = LRLAppDelegate.m; sourceTree = "<group>"; };
		2142163E189AFD2E0036767C /* LRLMovieListViewController.h */ = {isa = PBXFileReference; fileEncoding = 4; lastKnownFileType = sourcecode.c.h; path = LRLMovieListViewController.h; sourceTree = "<group>"; };
		2142163F189AFD2E0036767C /* LRLMovieListViewController.m */ = {isa = PBXFileReference; fileEncoding = 4; lastKnownFileType = sourcecode.c.objc; path = LRLMovieListViewController.m; sourceTree = "<group>"; };
		2198C4C418B37039001EC26D /* LRLRottenTomatoesService.h */ = {isa = PBXFileReference; fileEncoding = 4; lastKnownFileType = sourcecode.c.h; path = LRLRottenTomatoesService.h; sourceTree = "<group>"; };
		2198C4C518B37039001EC26D /* LRLRottenTomatoesService.m */ = {isa = PBXFileReference; fileEncoding = 4; lastKnownFileType = sourcecode.c.objc; path = LRLRottenTomatoesService.m; sourceTree = "<group>"; };
		21ABD34518A8D295002C15DA /* LRLKeyValueInterchange.h */ = {isa = PBXFileReference; fileEncoding = 4; lastKnownFileType = sourcecode.c.h; path = LRLKeyValueInterchange.h; sourceTree = "<group>"; };
		21ABD34618A8D295002C15DA /* LRLKeyValueInterchange.m */ = {isa = PBXFileReference; fileEncoding = 4; lastKnownFileType = sourcecode.c.objc; path = LRLKeyValueInterchange.m; sourceTree = "<group>"; };
		21ABD34818A8D719002C15DA /* LRLURLHelpers.h */ = {isa = PBXFileReference; fileEncoding = 4; lastKnownFileType = sourcecode.c.h; path = LRLURLHelpers.h; sourceTree = "<group>"; };
		21ABD34918A8D719002C15DA /* LRLURLHelpers.m */ = {isa = PBXFileReference; fileEncoding = 4; lastKnownFileType = sourcecode.c.objc; path = LRLURLHelpers.m; sourceTree = "<group>"; };
		21ABD34D18A8DBD5002C15DA /* config.json */ = {isa = PBXFileReference; fileEncoding = 4; lastKnownFileType = text.json; path = config.json; sourceTree = "<group>"; };
		21ABD35018A8DC4C002C15DA /* LRLConfiguration.h */ = {isa = PBXFileReference; fileEncoding = 4; lastKnownFileType = sourcecode.c.h; path = LRLConfiguration.h; sourceTree = "<group>"; };
		21ABD35118A8DC4C002C15DA /* LRLConfiguration.m */ = {isa = PBXFileReference; fileEncoding = 4; lastKnownFileType = sourcecode.c.objc; path = LRLConfiguration.m; sourceTree = "<group>"; };
		21BC388C18AA49F600EA9215 /* LRLDataFetcher.h */ = {isa = PBXFileReference; fileEncoding = 4; lastKnownFileType = sourcecode.c.h; path = LRLDataFetcher.h; sourceTree = "<group>"; };
		21BC388D18AA49F600EA9215 /* LRLDataFetcher.m */ = {isa = PBXFileReference; fileEncoding = 4; lastKnownFileType = sourcecode.c.objc; path = LRLDataFetcher.m; sourceTree = "<group>"; };
		21BC388E18AA49F600EA9215 /* LRLDataProvider.h */ = {isa = PBXFileReference; fileEncoding = 4; lastKnownFileType = sourcecode.c.h; path = LRLDataProvider.h; sourceTree = "<group>"; };
		21BC388F18AA49F600EA9215 /* LRLDataService.h */ = {isa = PBXFileReference; fileEncoding = 4; lastKnownFileType = sourcecode.c.h; path = LRLDataService.h; sourceTree = "<group>"; };
		21BC389018AA49F600EA9215 /* LRLDataService.m */ = {isa = PBXFileReference; fileEncoding = 4; lastKnownFileType = sourcecode.c.objc; path = LRLDataService.m; sourceTree = "<group>"; };
		21BC389118AA49F600EA9215 /* LRLFileStorageDataProvider.h */ = {isa = PBXFileReference; fileEncoding = 4; lastKnownFileType = sourcecode.c.h; path = LRLFileStorageDataProvider.h; sourceTree = "<group>"; };
		21BC389218AA49F600EA9215 /* LRLFileStorageDataProvider.m */ = {isa = PBXFileReference; fileEncoding = 4; lastKnownFileType = sourcecode.c.objc; path = LRLFileStorageDataProvider.m; sourceTree = "<group>"; };
		21BC389318AA49F600EA9215 /* LRLHTTPDataProvider.h */ = {isa = PBXFileReference; fileEncoding = 4; lastKnownFileType = sourcecode.c.h; path = LRLHTTPDataProvider.h; sourceTree = "<group>"; };
		21BC389418AA49F600EA9215 /* LRLHTTPDataProvider.m */ = {isa = PBXFileReference; fileEncoding = 4; lastKnownFileType = sourcecode.c.objc; path = LRLHTTPDataProvider.m; sourceTree = "<group>"; };
		21BC389518AA49F600EA9215 /* LRLMessageBusDataProvider.h */ = {isa = PBXFileReference; fileEncoding = 4; lastKnownFileType = sourcecode.c.h; path = LRLMessageBusDataProvider.h; sourceTree = "<group>"; };
		21BC389618AA49F600EA9215 /* LRLMessageBusDataProvider.m */ = {isa = PBXFileReference; fileEncoding = 4; lastKnownFileType = sourcecode.c.objc; path = LRLMessageBusDataProvider.m; sourceTree = "<group>"; };
		21BC389818AA49F600EA9215 /* LRLConfigurationService.h */ = {isa = PBXFileReference; fileEncoding = 4; lastKnownFileType = sourcecode.c.h; path = LRLConfigurationService.h; sourceTree = "<group>"; };
		21BC389918AA49F600EA9215 /* LRLConfigurationService.m */ = {isa = PBXFileReference; fileEncoding = 4; lastKnownFileType = sourcecode.c.objc; path = LRLConfigurationService.m; sourceTree = "<group>"; };
		21BC389A18AA49F600EA9215 /* LRLConfiguredDataService.h */ = {isa = PBXFileReference; fileEncoding = 4; lastKnownFileType = sourcecode.c.h; path = LRLConfiguredDataService.h; sourceTree = "<group>"; };
		21BC389B18AA49F600EA9215 /* LRLConfiguredDataService.m */ = {isa = PBXFileReference; fileEncoding = 4; lastKnownFileType = sourcecode.c.objc; path = LRLConfiguredDataService.m; sourceTree = "<group>"; };
		21BC389C18AA49F600EA9215 /* LRLIMDBService.h */ = {isa = PBXFileReference; fileEncoding = 4; lastKnownFileType = sourcecode.c.h; path = LRLIMDBService.h; sourceTree = "<group>"; };
		21BC389D18AA49F600EA9215 /* LRLIMDBService.m */ = {isa = PBXFileReference; fileEncoding = 4; lastKnownFileType = sourcecode.c.objc; path = LRLIMDBService.m; sourceTree = "<group>"; };
		21BC38A918AA4A1500EA9215 /* LRLMovieService.h */ = {isa = PBXFileReference; fileEncoding = 4; lastKnownFileType = sourcecode.c.h; path = LRLMovieService.h; sourceTree = "<group>"; };
		21BC38AA18AA4A1500EA9215 /* LRLMovieService.m */ = {isa = PBXFileReference; fileEncoding = 4; lastKnownFileType = sourcecode.c.objc; path = LRLMovieService.m; sourceTree = "<group>"; };
		21BC38AC18AA4B7000EA9215 /* LRLMovie.h */ = {isa = PBXFileReference; fileEncoding = 4; lastKnownFileType = sourcecode.c.h; path = LRLMovie.h; sourceTree = "<group>"; };
		21BC38AD18AA4B7000EA9215 /* LRLMovie.m */ = {isa = PBXFileReference; fileEncoding = 4; lastKnownFileType = sourcecode.c.objc; path = LRLMovie.m; sourceTree = "<group>"; };
		21D85B9618AF279900A3279D /* RACSignal+LRLOperatons.h */ = {isa = PBXFileReference; fileEncoding = 4; lastKnownFileType = sourcecode.c.h; path = "RACSignal+LRLOperatons.h"; sourceTree = "<group>"; };
		21D85B9718AF279900A3279D /* RACSignal+LRLOperatons.m */ = {isa = PBXFileReference; fileEncoding = 4; lastKnownFileType = sourcecode.c.objc; path = "RACSignal+LRLOperatons.m"; sourceTree = "<group>"; };
		21D85B9E18AF2F4B00A3279D /* LRLComposedTableViewDataSource.h */ = {isa = PBXFileReference; fileEncoding = 4; lastKnownFileType = sourcecode.c.h; path = LRLComposedTableViewDataSource.h; sourceTree = "<group>"; };
		21D85B9F18AF2F4B00A3279D /* LRLComposedTableViewDataSource.m */ = {isa = PBXFileReference; fileEncoding = 4; lastKnownFileType = sourcecode.c.objc; path = LRLComposedTableViewDataSource.m; sourceTree = "<group>"; };
		21D85BA118AF746D00A3279D /* LRLMovieViewController.h */ = {isa = PBXFileReference; fileEncoding = 4; lastKnownFileType = sourcecode.c.h; path = LRLMovieViewController.h; sourceTree = "<group>"; };
		21D85BA218AF746D00A3279D /* LRLMovieViewController.m */ = {isa = PBXFileReference; fileEncoding = 4; lastKnownFileType = sourcecode.c.objc; path = LRLMovieViewController.m; sourceTree = "<group>"; };
		21D85BA318AF746D00A3279D /* LRLMovieViewController.xib */ = {isa = PBXFileReference; fileEncoding = 4; lastKnownFileType = file.xib; path = LRLMovieViewController.xib; sourceTree = "<group>"; };
		21D85BA618B02D0E00A3279D /* LRLTrailerAddictService.h */ = {isa = PBXFileReference; fileEncoding = 4; lastKnownFileType = sourcecode.c.h; path = LRLTrailerAddictService.h; sourceTree = "<group>"; };
		21D85BA718B02D0E00A3279D /* LRLTrailerAddictService.m */ = {isa = PBXFileReference; fileEncoding = 4; lastKnownFileType = sourcecode.c.objc; path = LRLTrailerAddictService.m; sourceTree = "<group>"; };
		21D85BA918B05D3300A3279D /* LRLTrailer.h */ = {isa = PBXFileReference; fileEncoding = 4; lastKnownFileType = sourcecode.c.h; path = LRLTrailer.h; sourceTree = "<group>"; };
		21D85BAA18B05D3300A3279D /* LRLTrailer.m */ = {isa = PBXFileReference; fileEncoding = 4; lastKnownFileType = sourcecode.c.objc; path = LRLTrailer.m; sourceTree = "<group>"; };
		6609C506EFC34A2585FFB221 /* libPods.a */ = {isa = PBXFileReference; explicitFileType = archive.ar; includeInIndex = 0; path = libPods.a; sourceTree = BUILT_PRODUCTS_DIR; };
		8F24580EDB3049B99BEA88D9 /* libPods-LRLDataServiceTests.a */ = {isa = PBXFileReference; explicitFileType = archive.ar; includeInIndex = 0; path = "libPods-LRLDataServiceTests.a"; sourceTree = BUILT_PRODUCTS_DIR; };
		E367BF774675418A9DD7A620 /* Pods-LRLDataServiceTests.xcconfig */ = {isa = PBXFileReference; includeInIndex = 1; lastKnownFileType = text.xcconfig; name = "Pods-LRLDataServiceTests.xcconfig"; path = "Pods/Pods-LRLDataServiceTests.xcconfig"; sourceTree = "<group>"; };
/* End PBXFileReference section */

/* Begin PBXFrameworksBuildPhase section */
		214215F9189A59BD0036767C /* Frameworks */ = {
			isa = PBXFrameworksBuildPhase;
			buildActionMask = 2147483647;
			files = (
				21421602189A59BD0036767C /* CoreGraphics.framework in Frameworks */,
				21421604189A59BD0036767C /* UIKit.framework in Frameworks */,
				21421600189A59BD0036767C /* Foundation.framework in Frameworks */,
				82E9BB5A631C4F32B7CF34AA /* libPods.a in Frameworks */,
			);
			runOnlyForDeploymentPostprocessing = 0;
		};
		2142161D189A59BD0036767C /* Frameworks */ = {
			isa = PBXFrameworksBuildPhase;
			buildActionMask = 2147483647;
			files = (
				21421622189A59BD0036767C /* XCTest.framework in Frameworks */,
				21421624189A59BD0036767C /* UIKit.framework in Frameworks */,
				21421623189A59BD0036767C /* Foundation.framework in Frameworks */,
				5ECAFF3E98D9465CBE3F080C /* libPods-LRLDataServiceTests.a in Frameworks */,
			);
			runOnlyForDeploymentPostprocessing = 0;
		};
/* End PBXFrameworksBuildPhase section */

/* Begin PBXGroup section */
		214215F3189A59BD0036767C = {
			isa = PBXGroup;
			children = (
				21421605189A59BD0036767C /* LRLDataService */,
				21421627189A59BD0036767C /* LRLDataServiceTests */,
				214215FE189A59BD0036767C /* Frameworks */,
				214215FD189A59BD0036767C /* Products */,
				16AC8CE9FAF24D87BD093567 /* Pods.xcconfig */,
				E367BF774675418A9DD7A620 /* Pods-LRLDataServiceTests.xcconfig */,
			);
			sourceTree = "<group>";
		};
		214215FD189A59BD0036767C /* Products */ = {
			isa = PBXGroup;
			children = (
				214215FC189A59BD0036767C /* LRLDataService.app */,
				21421620189A59BD0036767C /* LRLDataServiceTests.xctest */,
			);
			name = Products;
			sourceTree = "<group>";
		};
		214215FE189A59BD0036767C /* Frameworks */ = {
			isa = PBXGroup;
			children = (
				214215FF189A59BD0036767C /* Foundation.framework */,
				21421601189A59BD0036767C /* CoreGraphics.framework */,
				21421603189A59BD0036767C /* UIKit.framework */,
				21421621189A59BD0036767C /* XCTest.framework */,
				6609C506EFC34A2585FFB221 /* libPods.a */,
				8F24580EDB3049B99BEA88D9 /* libPods-LRLDataServiceTests.a */,
			);
			name = Frameworks;
			sourceTree = "<group>";
		};
		21421605189A59BD0036767C /* LRLDataService */ = {
			isa = PBXGroup;
			children = (
				21421638189AFD2E0036767C /* Application */,
				21ABD34418A8D187002C15DA /* Helpers */,
				2142161A189A59BD0036767C /* Images.xcassets */,
				21ABD34F18A8DBF4002C15DA /* Models */,
				2151264818AF155800734D08 /* RAC */,
				21ABD34C18A8DB81002C15DA /* Resources */,
				21BC388A18AA49F600EA9215 /* Service */,
				21D85B9D18AF2F4100A3279D /* ViewConfiguration */,
				21421606189A59BD0036767C /* Supporting Files */,
				2142163D189AFD2E0036767C /* ViewControllers */,
			);
			path = LRLDataService;
			sourceTree = "<group>";
		};
		21421606189A59BD0036767C /* Supporting Files */ = {
			isa = PBXGroup;
			children = (
				21421607189A59BD0036767C /* LRLDataService-Info.plist */,
				21421608189A59BD0036767C /* InfoPlist.strings */,
				2142160B189A59BD0036767C /* main.m */,
				2142160D189A59BD0036767C /* LRLDataService-Prefix.pch */,
			);
			name = "Supporting Files";
			sourceTree = "<group>";
		};
		21421627189A59BD0036767C /* LRLDataServiceTests */ = {
			isa = PBXGroup;
			children = (
				2142162D189A59BD0036767C /* LRLDataServiceTests.m */,
				21421628189A59BD0036767C /* Supporting Files */,
			);
			path = LRLDataServiceTests;
			sourceTree = "<group>";
		};
		21421628189A59BD0036767C /* Supporting Files */ = {
			isa = PBXGroup;
			children = (
				21421629189A59BD0036767C /* LRLDataServiceTests-Info.plist */,
				2142162A189A59BD0036767C /* InfoPlist.strings */,
			);
			name = "Supporting Files";
			sourceTree = "<group>";
		};
		21421638189AFD2E0036767C /* Application */ = {
			isa = PBXGroup;
			children = (
				21421639189AFD2E0036767C /* LRLAppDelegate.h */,
				2142163A189AFD2E0036767C /* LRLAppDelegate.m */,
			);
			path = Application;
			sourceTree = "<group>";
		};
		2142163D189AFD2E0036767C /* ViewControllers */ = {
			isa = PBXGroup;
			children = (
				2142163E189AFD2E0036767C /* LRLMovieListViewController.h */,
				2142163F189AFD2E0036767C /* LRLMovieListViewController.m */,
				21D85BA118AF746D00A3279D /* LRLMovieViewController.h */,
				21D85BA218AF746D00A3279D /* LRLMovieViewController.m */,
				21D85BA318AF746D00A3279D /* LRLMovieViewController.xib */,
			);
			path = ViewControllers;
			sourceTree = "<group>";
		};
		2151264818AF155800734D08 /* RAC */ = {
			isa = PBXGroup;
			children = (
				21D85B9618AF279900A3279D /* RACSignal+LRLOperatons.h */,
				21D85B9718AF279900A3279D /* RACSignal+LRLOperatons.m */,
			);
			path = RAC;
			sourceTree = "<group>";
		};
		21ABD34418A8D187002C15DA /* Helpers */ = {
			isa = PBXGroup;
			children = (
				21ABD34518A8D295002C15DA /* LRLKeyValueInterchange.h */,
				21ABD34618A8D295002C15DA /* LRLKeyValueInterchange.m */,
				21ABD34818A8D719002C15DA /* LRLURLHelpers.h */,
				21ABD34918A8D719002C15DA /* LRLURLHelpers.m */,
			);
			path = Helpers;
			sourceTree = "<group>";
		};
		21ABD34C18A8DB81002C15DA /* Resources */ = {
			isa = PBXGroup;
			children = (
				21ABD34D18A8DBD5002C15DA /* config.json */,
			);
			path = Resources;
			sourceTree = "<group>";
		};
		21ABD34F18A8DBF4002C15DA /* Models */ = {
			isa = PBXGroup;
			children = (
				211D9A6D18B2C11700D97C95 /* LRLBaseModel.h */,
				211D9A6E18B2C11700D97C95 /* LRLBaseModel.m */,
				21ABD35018A8DC4C002C15DA /* LRLConfiguration.h */,
				21ABD35118A8DC4C002C15DA /* LRLConfiguration.m */,
				21BC38AC18AA4B7000EA9215 /* LRLMovie.h */,
				21BC38AD18AA4B7000EA9215 /* LRLMovie.m */,
				21D85BA918B05D3300A3279D /* LRLTrailer.h */,
				21D85BAA18B05D3300A3279D /* LRLTrailer.m */,
			);
			path = Models;
			sourceTree = "<group>";
		};
		21BC388A18AA49F600EA9215 /* Service */ = {
			isa = PBXGroup;
			children = (
				21BC388B18AA49F600EA9215 /* Infrastructure */,
				21BC389718AA49F600EA9215 /* Services */,
				211D9A6A18B22EC800D97C95 /* LRLResponseSerializer.h */,
				211D9A6B18B22EC800D97C95 /* LRLResponseSerializer.m */,
			);
			path = Service;
			sourceTree = "<group>";
		};
		21BC388B18AA49F600EA9215 /* Infrastructure */ = {
			isa = PBXGroup;
			children = (
				21BC388C18AA49F600EA9215 /* LRLDataFetcher.h */,
				21BC388D18AA49F600EA9215 /* LRLDataFetcher.m */,
				21BC388E18AA49F600EA9215 /* LRLDataProvider.h */,
				21BC388F18AA49F600EA9215 /* LRLDataService.h */,
				21BC389018AA49F600EA9215 /* LRLDataService.m */,
				21BC389118AA49F600EA9215 /* LRLFileStorageDataProvider.h */,
				21BC389218AA49F600EA9215 /* LRLFileStorageDataProvider.m */,
				21BC389318AA49F600EA9215 /* LRLHTTPDataProvider.h */,
				21BC389418AA49F600EA9215 /* LRLHTTPDataProvider.m */,
				21BC389518AA49F600EA9215 /* LRLMessageBusDataProvider.h */,
				21BC389618AA49F600EA9215 /* LRLMessageBusDataProvider.m */,
			);
			path = Infrastructure;
			sourceTree = "<group>";
		};
		21BC389718AA49F600EA9215 /* Services */ = {
			isa = PBXGroup;
			children = (
				21BC389818AA49F600EA9215 /* LRLConfigurationService.h */,
				21BC389918AA49F600EA9215 /* LRLConfigurationService.m */,
				21BC389A18AA49F600EA9215 /* LRLConfiguredDataService.h */,
				21BC389B18AA49F600EA9215 /* LRLConfiguredDataService.m */,
				21BC389C18AA49F600EA9215 /* LRLIMDBService.h */,
				21BC389D18AA49F600EA9215 /* LRLIMDBService.m */,
				21BC38A918AA4A1500EA9215 /* LRLMovieService.h */,
				21BC38AA18AA4A1500EA9215 /* LRLMovieService.m */,
				2198C4C418B37039001EC26D /* LRLRottenTomatoesService.h */,
				2198C4C518B37039001EC26D /* LRLRottenTomatoesService.m */,
				21D85BA618B02D0E00A3279D /* LRLTrailerAddictService.h */,
				21D85BA718B02D0E00A3279D /* LRLTrailerAddictService.m */,
			);
			path = Services;
			sourceTree = "<group>";
		};
		21D85B9D18AF2F4100A3279D /* ViewConfiguration */ = {
			isa = PBXGroup;
			children = (
				21D85B9E18AF2F4B00A3279D /* LRLComposedTableViewDataSource.h */,
				21D85B9F18AF2F4B00A3279D /* LRLComposedTableViewDataSource.m */,
			);
			path = ViewConfiguration;
			sourceTree = "<group>";
		};
/* End PBXGroup section */

/* Begin PBXNativeTarget section */
		214215FB189A59BD0036767C /* LRLDataService */ = {
			isa = PBXNativeTarget;
			buildConfigurationList = 21421631189A59BD0036767C /* Build configuration list for PBXNativeTarget "LRLDataService" */;
			buildPhases = (
				205E93C5D02F4D66BED47986 /* Check Pods Manifest.lock */,
				214215F8189A59BD0036767C /* Sources */,
				214215F9189A59BD0036767C /* Frameworks */,
				214215FA189A59BD0036767C /* Resources */,
				42A80E8197EE4FF6B993F7D7 /* Copy Pods Resources */,
			);
			buildRules = (
			);
			dependencies = (
			);
			name = LRLDataService;
			productName = LRLDataService;
			productReference = 214215FC189A59BD0036767C /* LRLDataService.app */;
			productType = "com.apple.product-type.application";
		};
		2142161F189A59BD0036767C /* LRLDataServiceTests */ = {
			isa = PBXNativeTarget;
			buildConfigurationList = 21421634189A59BD0036767C /* Build configuration list for PBXNativeTarget "LRLDataServiceTests" */;
			buildPhases = (
				C0E88479EA444038A4AC6B9C /* Check Pods Manifest.lock */,
				2142161C189A59BD0036767C /* Sources */,
				2142161D189A59BD0036767C /* Frameworks */,
				2142161E189A59BD0036767C /* Resources */,
				A34E906A63E746FA9A8424BB /* Copy Pods Resources */,
			);
			buildRules = (
			);
			dependencies = (
				21421626189A59BD0036767C /* PBXTargetDependency */,
			);
			name = LRLDataServiceTests;
			productName = LRLDataServiceTests;
			productReference = 21421620189A59BD0036767C /* LRLDataServiceTests.xctest */;
			productType = "com.apple.product-type.bundle.unit-test";
		};
/* End PBXNativeTarget section */

/* Begin PBXProject section */
		214215F4189A59BD0036767C /* Project object */ = {
			isa = PBXProject;
			attributes = {
				CLASSPREFIX = LRL;
				LastUpgradeCheck = 0500;
				TargetAttributes = {
					2142161F189A59BD0036767C = {
						TestTargetID = 214215FB189A59BD0036767C;
					};
				};
			};
			buildConfigurationList = 214215F7189A59BD0036767C /* Build configuration list for PBXProject "LRLDataService" */;
			compatibilityVersion = "Xcode 3.2";
			developmentRegion = English;
			hasScannedForEncodings = 0;
			knownRegions = (
				en,
				Base,
			);
			mainGroup = 214215F3189A59BD0036767C;
			productRefGroup = 214215FD189A59BD0036767C /* Products */;
			projectDirPath = "";
			projectRoot = "";
			targets = (
				214215FB189A59BD0036767C /* LRLDataService */,
				2142161F189A59BD0036767C /* LRLDataServiceTests */,
			);
		};
/* End PBXProject section */

/* Begin PBXResourcesBuildPhase section */
		214215FA189A59BD0036767C /* Resources */ = {
			isa = PBXResourcesBuildPhase;
			buildActionMask = 2147483647;
			files = (
				21D85BA518AF746D00A3279D /* LRLMovieViewController.xib in Resources */,
				2142161B189A59BD0036767C /* Images.xcassets in Resources */,
				21ABD34E18A8DBD5002C15DA /* config.json in Resources */,
				2142160A189A59BD0036767C /* InfoPlist.strings in Resources */,
			);
			runOnlyForDeploymentPostprocessing = 0;
		};
		2142161E189A59BD0036767C /* Resources */ = {
			isa = PBXResourcesBuildPhase;
			buildActionMask = 2147483647;
			files = (
				2142162C189A59BD0036767C /* InfoPlist.strings in Resources */,
			);
			runOnlyForDeploymentPostprocessing = 0;
		};
/* End PBXResourcesBuildPhase section */

/* Begin PBXShellScriptBuildPhase section */
		205E93C5D02F4D66BED47986 /* Check Pods Manifest.lock */ = {
			isa = PBXShellScriptBuildPhase;
			buildActionMask = 2147483647;
			files = (
			);
			inputPaths = (
			);
			name = "Check Pods Manifest.lock";
			outputPaths = (
			);
			runOnlyForDeploymentPostprocessing = 0;
			shellPath = /bin/sh;
			shellScript = "diff \"${PODS_ROOT}/../Podfile.lock\" \"${PODS_ROOT}/Manifest.lock\" > /dev/null\nif [[ $? != 0 ]] ; then\n    cat << EOM\nerror: The sandbox is not in sync with the Podfile.lock. Run 'pod install' or update your CocoaPods installation.\nEOM\n    exit 1\nfi\n";
			showEnvVarsInLog = 0;
		};
		42A80E8197EE4FF6B993F7D7 /* Copy Pods Resources */ = {
			isa = PBXShellScriptBuildPhase;
			buildActionMask = 2147483647;
			files = (
			);
			inputPaths = (
			);
			name = "Copy Pods Resources";
			outputPaths = (
			);
			runOnlyForDeploymentPostprocessing = 0;
			shellPath = /bin/sh;
			shellScript = "\"${SRCROOT}/Pods/Pods-resources.sh\"\n";
			showEnvVarsInLog = 0;
		};
		A34E906A63E746FA9A8424BB /* Copy Pods Resources */ = {
			isa = PBXShellScriptBuildPhase;
			buildActionMask = 2147483647;
			files = (
			);
			inputPaths = (
			);
			name = "Copy Pods Resources";
			outputPaths = (
			);
			runOnlyForDeploymentPostprocessing = 0;
			shellPath = /bin/sh;
			shellScript = "\"${SRCROOT}/Pods/Pods-LRLDataServiceTests-resources.sh\"\n";
			showEnvVarsInLog = 0;
		};
		C0E88479EA444038A4AC6B9C /* Check Pods Manifest.lock */ = {
			isa = PBXShellScriptBuildPhase;
			buildActionMask = 2147483647;
			files = (
			);
			inputPaths = (
			);
			name = "Check Pods Manifest.lock";
			outputPaths = (
			);
			runOnlyForDeploymentPostprocessing = 0;
			shellPath = /bin/sh;
			shellScript = "diff \"${PODS_ROOT}/../Podfile.lock\" \"${PODS_ROOT}/Manifest.lock\" > /dev/null\nif [[ $? != 0 ]] ; then\n    cat << EOM\nerror: The sandbox is not in sync with the Podfile.lock. Run 'pod install' or update your CocoaPods installation.\nEOM\n    exit 1\nfi\n";
			showEnvVarsInLog = 0;
		};
/* End PBXShellScriptBuildPhase section */

/* Begin PBXSourcesBuildPhase section */
		214215F8189A59BD0036767C /* Sources */ = {
			isa = PBXSourcesBuildPhase;
			buildActionMask = 2147483647;
			files = (
				21BC38A118AA49F600EA9215 /* LRLDataService.m in Sources */,
				21ABD34718A8D295002C15DA /* LRLKeyValueInterchange.m in Sources */,
				21D85BA818B02D0E00A3279D /* LRLTrailerAddictService.m in Sources */,
				21421641189AFD2E0036767C /* LRLMovieListViewController.m in Sources */,
				211D9A6C18B22EC800D97C95 /* LRLResponseSerializer.m in Sources */,
				21ABD35218A8DC4C002C15DA /* LRLConfiguration.m in Sources */,
				21D85BA418AF746D00A3279D /* LRLMovieViewController.m in Sources */,
				211D9A6F18B2C11700D97C95 /* LRLBaseModel.m in Sources */,
				21ABD34A18A8D719002C15DA /* LRLURLHelpers.m in Sources */,
				21BC38A418AA49F600EA9215 /* LRLMessageBusDataProvider.m in Sources */,
				21BC38A718AA49F600EA9215 /* LRLIMDBService.m in Sources */,
				21BC38AB18AA4A1500EA9215 /* LRLMovieService.m in Sources */,
				21BC38AE18AA4B7000EA9215 /* LRLMovie.m in Sources */,
				2198C4C618B37039001EC26D /* LRLRottenTomatoesService.m in Sources */,
				2142160C189A59BD0036767C /* main.m in Sources */,
				21BC38A018AA49F600EA9215 /* LRLDataFetcher.m in Sources */,
				21BC38A618AA49F600EA9215 /* LRLConfiguredDataService.m in Sources */,
				21BC38A318AA49F600EA9215 /* LRLHTTPDataProvider.m in Sources */,
				21BC38A218AA49F600EA9215 /* LRLFileStorageDataProvider.m in Sources */,
				21421640189AFD2E0036767C /* LRLAppDelegate.m in Sources */,
				21D85BAB18B05D3300A3279D /* LRLTrailer.m in Sources */,
				21BC38A518AA49F600EA9215 /* LRLConfigurationService.m in Sources */,
				21D85B9818AF279900A3279D /* RACSignal+LRLOperatons.m in Sources */,
				21D85BA018AF2F4B00A3279D /* LRLComposedTableViewDataSource.m in Sources */,
			);
			runOnlyForDeploymentPostprocessing = 0;
		};
		2142161C189A59BD0036767C /* Sources */ = {
			isa = PBXSourcesBuildPhase;
			buildActionMask = 2147483647;
			files = (
				2142162E189A59BD0036767C /* LRLDataServiceTests.m in Sources */,
			);
			runOnlyForDeploymentPostprocessing = 0;
		};
/* End PBXSourcesBuildPhase section */

/* Begin PBXTargetDependency section */
		21421626189A59BD0036767C /* PBXTargetDependency */ = {
			isa = PBXTargetDependency;
			target = 214215FB189A59BD0036767C /* LRLDataService */;
			targetProxy = 21421625189A59BD0036767C /* PBXContainerItemProxy */;
		};
/* End PBXTargetDependency section */

/* Begin PBXVariantGroup section */
		21421608189A59BD0036767C /* InfoPlist.strings */ = {
			isa = PBXVariantGroup;
			children = (
				21421609189A59BD0036767C /* en */,
			);
			name = InfoPlist.strings;
			sourceTree = "<group>";
		};
		2142162A189A59BD0036767C /* InfoPlist.strings */ = {
			isa = PBXVariantGroup;
			children = (
				2142162B189A59BD0036767C /* en */,
			);
			name = InfoPlist.strings;
			sourceTree = "<group>";
		};
/* End PBXVariantGroup section */

/* Begin XCBuildConfiguration section */
		2142162F189A59BD0036767C /* Debug */ = {
			isa = XCBuildConfiguration;
			buildSettings = {
				ALWAYS_SEARCH_USER_PATHS = NO;
				ARCHS = "$(ARCHS_STANDARD_INCLUDING_64_BIT)";
				CLANG_CXX_LANGUAGE_STANDARD = "gnu++0x";
				CLANG_CXX_LIBRARY = "libc++";
				CLANG_ENABLE_MODULES = YES;
				CLANG_ENABLE_OBJC_ARC = YES;
				CLANG_WARN_BOOL_CONVERSION = YES;
				CLANG_WARN_CONSTANT_CONVERSION = YES;
				CLANG_WARN_DIRECT_OBJC_ISA_USAGE = YES_ERROR;
				CLANG_WARN_EMPTY_BODY = YES;
				CLANG_WARN_ENUM_CONVERSION = YES;
				CLANG_WARN_INT_CONVERSION = YES;
				CLANG_WARN_OBJC_ROOT_CLASS = YES_ERROR;
				CLANG_WARN__DUPLICATE_METHOD_MATCH = YES;
				"CODE_SIGN_IDENTITY[sdk=iphoneos*]" = "iPhone Developer";
				COPY_PHASE_STRIP = NO;
				GCC_C_LANGUAGE_STANDARD = gnu99;
				GCC_DYNAMIC_NO_PIC = NO;
				GCC_OPTIMIZATION_LEVEL = 0;
				GCC_PREPROCESSOR_DEFINITIONS = (
					"DEBUG=1",
					"$(inherited)",
				);
				GCC_SYMBOLS_PRIVATE_EXTERN = NO;
				GCC_WARN_64_TO_32_BIT_CONVERSION = YES;
				GCC_WARN_ABOUT_RETURN_TYPE = YES_ERROR;
				GCC_WARN_UNDECLARED_SELECTOR = YES;
				GCC_WARN_UNINITIALIZED_AUTOS = YES;
				GCC_WARN_UNUSED_FUNCTION = YES;
				GCC_WARN_UNUSED_VARIABLE = YES;
				IPHONEOS_DEPLOYMENT_TARGET = 7.0;
				ONLY_ACTIVE_ARCH = YES;
				SDKROOT = iphoneos;
				TARGETED_DEVICE_FAMILY = "1,2";
			};
			name = Debug;
		};
		21421630189A59BD0036767C /* Release */ = {
			isa = XCBuildConfiguration;
			buildSettings = {
				ALWAYS_SEARCH_USER_PATHS = NO;
				ARCHS = "$(ARCHS_STANDARD_INCLUDING_64_BIT)";
				CLANG_CXX_LANGUAGE_STANDARD = "gnu++0x";
				CLANG_CXX_LIBRARY = "libc++";
				CLANG_ENABLE_MODULES = YES;
				CLANG_ENABLE_OBJC_ARC = YES;
				CLANG_WARN_BOOL_CONVERSION = YES;
				CLANG_WARN_CONSTANT_CONVERSION = YES;
				CLANG_WARN_DIRECT_OBJC_ISA_USAGE = YES_ERROR;
				CLANG_WARN_EMPTY_BODY = YES;
				CLANG_WARN_ENUM_CONVERSION = YES;
				CLANG_WARN_INT_CONVERSION = YES;
				CLANG_WARN_OBJC_ROOT_CLASS = YES_ERROR;
				CLANG_WARN__DUPLICATE_METHOD_MATCH = YES;
				"CODE_SIGN_IDENTITY[sdk=iphoneos*]" = "iPhone Developer";
				COPY_PHASE_STRIP = YES;
				ENABLE_NS_ASSERTIONS = NO;
				GCC_C_LANGUAGE_STANDARD = gnu99;
				GCC_WARN_64_TO_32_BIT_CONVERSION = YES;
				GCC_WARN_ABOUT_RETURN_TYPE = YES_ERROR;
				GCC_WARN_UNDECLARED_SELECTOR = YES;
				GCC_WARN_UNINITIALIZED_AUTOS = YES;
				GCC_WARN_UNUSED_FUNCTION = YES;
				GCC_WARN_UNUSED_VARIABLE = YES;
				IPHONEOS_DEPLOYMENT_TARGET = 7.0;
				SDKROOT = iphoneos;
				TARGETED_DEVICE_FAMILY = "1,2";
				VALIDATE_PRODUCT = YES;
			};
			name = Release;
		};
		21421632189A59BD0036767C /* Debug */ = {
			isa = XCBuildConfiguration;
			baseConfigurationReference = 16AC8CE9FAF24D87BD093567 /* Pods.xcconfig */;
			buildSettings = {
				ASSETCATALOG_COMPILER_APPICON_NAME = AppIcon;
				ASSETCATALOG_COMPILER_LAUNCHIMAGE_NAME = LaunchImage;
				GCC_PRECOMPILE_PREFIX_HEADER = YES;
				GCC_PREFIX_HEADER = "LRLDataService/LRLDataService-Prefix.pch";
				INFOPLIST_FILE = "LRLDataService/LRLDataService-Info.plist";
				PRODUCT_NAME = "$(TARGET_NAME)";
				WRAPPER_EXTENSION = app;
			};
			name = Debug;
		};
		21421633189A59BD0036767C /* Release */ = {
			isa = XCBuildConfiguration;
			baseConfigurationReference = 16AC8CE9FAF24D87BD093567 /* Pods.xcconfig */;
			buildSettings = {
				ASSETCATALOG_COMPILER_APPICON_NAME = AppIcon;
				ASSETCATALOG_COMPILER_LAUNCHIMAGE_NAME = LaunchImage;
				GCC_PRECOMPILE_PREFIX_HEADER = YES;
				GCC_PREFIX_HEADER = "LRLDataService/LRLDataService-Prefix.pch";
				INFOPLIST_FILE = "LRLDataService/LRLDataService-Info.plist";
				PRODUCT_NAME = "$(TARGET_NAME)";
				WRAPPER_EXTENSION = app;
			};
			name = Release;
		};
		21421635189A59BD0036767C /* Debug */ = {
			isa = XCBuildConfiguration;
			baseConfigurationReference = E367BF774675418A9DD7A620 /* Pods-LRLDataServiceTests.xcconfig */;
			buildSettings = {
				ARCHS = "$(ARCHS_STANDARD_INCLUDING_64_BIT)";
				BUNDLE_LOADER = "$(BUILT_PRODUCTS_DIR)/LRLDataService.app/LRLDataService";
				FRAMEWORK_SEARCH_PATHS = (
					"$(SDKROOT)/Developer/Library/Frameworks",
					"$(inherited)",
					"$(DEVELOPER_FRAMEWORKS_DIR)",
				);
				GCC_PRECOMPILE_PREFIX_HEADER = YES;
				GCC_PREFIX_HEADER = "LRLDataService/LRLDataService-Prefix.pch";
				GCC_PREPROCESSOR_DEFINITIONS = (
					"DEBUG=1",
					"$(inherited)",
				);
				INFOPLIST_FILE = "LRLDataServiceTests/LRLDataServiceTests-Info.plist";
				PRODUCT_NAME = "$(TARGET_NAME)";
				TEST_HOST = "$(BUNDLE_LOADER)";
				WRAPPER_EXTENSION = xctest;
			};
			name = Debug;
		};
		21421636189A59BD0036767C /* Release */ = {
			isa = XCBuildConfiguration;
			baseConfigurationReference = E367BF774675418A9DD7A620 /* Pods-LRLDataServiceTests.xcconfig */;
			buildSettings = {
				ARCHS = "$(ARCHS_STANDARD_INCLUDING_64_BIT)";
				BUNDLE_LOADER = "$(BUILT_PRODUCTS_DIR)/LRLDataService.app/LRLDataService";
				FRAMEWORK_SEARCH_PATHS = (
					"$(SDKROOT)/Developer/Library/Frameworks",
					"$(inherited)",
					"$(DEVELOPER_FRAMEWORKS_DIR)",
				);
				GCC_PRECOMPILE_PREFIX_HEADER = YES;
				GCC_PREFIX_HEADER = "LRLDataService/LRLDataService-Prefix.pch";
				INFOPLIST_FILE = "LRLDataServiceTests/LRLDataServiceTests-Info.plist";
				PRODUCT_NAME = "$(TARGET_NAME)";
				TEST_HOST = "$(BUNDLE_LOADER)";
				WRAPPER_EXTENSION = xctest;
			};
			name = Release;
		};
/* End XCBuildConfiguration section */

/* Begin XCConfigurationList section */
		214215F7189A59BD0036767C /* Build configuration list for PBXProject "LRLDataService" */ = {
			isa = XCConfigurationList;
			buildConfigurations = (
				2142162F189A59BD0036767C /* Debug */,
				21421630189A59BD0036767C /* Release */,
			);
			defaultConfigurationIsVisible = 0;
			defaultConfigurationName = Release;
		};
		21421631189A59BD0036767C /* Build configuration list for PBXNativeTarget "LRLDataService" */ = {
			isa = XCConfigurationList;
			buildConfigurations = (
				21421632189A59BD0036767C /* Debug */,
				21421633189A59BD0036767C /* Release */,
			);
			defaultConfigurationIsVisible = 0;
			defaultConfigurationName = Release;
		};
		21421634189A59BD0036767C /* Build configuration list for PBXNativeTarget "LRLDataServiceTests" */ = {
			isa = XCConfigurationList;
			buildConfigurations = (
				21421635189A59BD0036767C /* Debug */,
				21421636189A59BD0036767C /* Release */,
			);
			defaultConfigurationIsVisible = 0;
			defaultConfigurationName = Release;
		};
/* End XCConfigurationList section */
	};
	rootObject = 214215F4189A59BD0036767C /* Project object */;
}
